// !$*UTF8*$!
{
	archiveVersion = 1;
	classes = {
	};
	objectVersion = 46;
	objects = {

/* Begin PBXBuildFile section */
		78768F391CD1380700857621 /* AppDelegate.swift in Sources */ = {isa = PBXBuildFile; fileRef = 78768F381CD1380700857621 /* AppDelegate.swift */; };
		78768F3B1CD1380700857621 /* MainViewController.swift in Sources */ = {isa = PBXBuildFile; fileRef = 78768F3A1CD1380700857621 /* MainViewController.swift */; };
		78768F3E1CD1380700857621 /* Main.storyboard in Resources */ = {isa = PBXBuildFile; fileRef = 78768F3C1CD1380700857621 /* Main.storyboard */; };
		78768F401CD1380700857621 /* Assets.xcassets in Resources */ = {isa = PBXBuildFile; fileRef = 78768F3F1CD1380700857621 /* Assets.xcassets */; };
		78768F431CD1380700857621 /* LaunchScreen.storyboard in Resources */ = {isa = PBXBuildFile; fileRef = 78768F411CD1380700857621 /* LaunchScreen.storyboard */; };
		78768F501CD14EC700857621 /* WebViewController.swift in Sources */ = {isa = PBXBuildFile; fileRef = 78768F4F1CD14EC700857621 /* WebViewController.swift */; };
/* End PBXBuildFile section */

/* Begin PBXFileReference section */
		1AE4134F30C6CFB64E155C1D /* Pods-SuitePort.debug.xcconfig */ = {isa = PBXFileReference; includeInIndex = 1; lastKnownFileType = text.xcconfig; name = "Pods-SuitePort.debug.xcconfig"; path = "Pods/Target Support Files/Pods-SuitePort/Pods-SuitePort.debug.xcconfig"; sourceTree = "<group>"; };
		25C79519BFEB04DEA4F3E134 /* Pods-SuitePort.release.xcconfig */ = {isa = PBXFileReference; includeInIndex = 1; lastKnownFileType = text.xcconfig; name = "Pods-SuitePort.release.xcconfig"; path = "Pods/Target Support Files/Pods-SuitePort/Pods-SuitePort.release.xcconfig"; sourceTree = "<group>"; };
		78768F351CD1380600857621 /* SuitePort.app */ = {isa = PBXFileReference; explicitFileType = wrapper.application; includeInIndex = 0; path = SuitePort.app; sourceTree = BUILT_PRODUCTS_DIR; };
		78768F381CD1380700857621 /* AppDelegate.swift */ = {isa = PBXFileReference; lastKnownFileType = sourcecode.swift; path = AppDelegate.swift; sourceTree = "<group>"; };
		78768F3A1CD1380700857621 /* MainViewController.swift */ = {isa = PBXFileReference; lastKnownFileType = sourcecode.swift; path = MainViewController.swift; sourceTree = "<group>"; };
		78768F3D1CD1380700857621 /* Base */ = {isa = PBXFileReference; lastKnownFileType = file.storyboard; name = Base; path = Base.lproj/Main.storyboard; sourceTree = "<group>"; };
		78768F3F1CD1380700857621 /* Assets.xcassets */ = {isa = PBXFileReference; lastKnownFileType = folder.assetcatalog; path = Assets.xcassets; sourceTree = "<group>"; };
		78768F421CD1380700857621 /* Base */ = {isa = PBXFileReference; lastKnownFileType = file.storyboard; name = Base; path = Base.lproj/LaunchScreen.storyboard; sourceTree = "<group>"; };
		78768F441CD1380700857621 /* Info.plist */ = {isa = PBXFileReference; lastKnownFileType = text.plist.xml; path = Info.plist; sourceTree = "<group>"; };
		78768F4F1CD14EC700857621 /* WebViewController.swift */ = {isa = PBXFileReference; fileEncoding = 4; lastKnownFileType = sourcecode.swift; path = WebViewController.swift; sourceTree = "<group>"; };
/* End PBXFileReference section */

/* Begin PBXFrameworksBuildPhase section */
		78768F321CD1380600857621 /* Frameworks */ = {
			isa = PBXFrameworksBuildPhase;
			buildActionMask = 2147483647;
			files = (
			);
			runOnlyForDeploymentPostprocessing = 0;
		};
/* End PBXFrameworksBuildPhase section */

/* Begin PBXGroup section */
		78768F2C1CD1380600857621 = {
			isa = PBXGroup;
			children = (
				78768F371CD1380700857621 /* SuitePort */,
				78768F361CD1380600857621 /* Products */,
				F0FD42C22616840D82AAFAE4 /* Pods */,
				F287945BF1E8D1E210AA9222 /* Frameworks */,
			);
			sourceTree = "<group>";
		};
		78768F361CD1380600857621 /* Products */ = {
			isa = PBXGroup;
			children = (
				78768F351CD1380600857621 /* SuitePort.app */,
			);
			name = Products;
			sourceTree = "<group>";
		};
		78768F371CD1380700857621 /* SuitePort */ = {
			isa = PBXGroup;
			children = (
				78768F381CD1380700857621 /* AppDelegate.swift */,
				78768F3A1CD1380700857621 /* MainViewController.swift */,
				78768F4F1CD14EC700857621 /* WebViewController.swift */,
				78768F3C1CD1380700857621 /* Main.storyboard */,
				78768F3F1CD1380700857621 /* Assets.xcassets */,
				78768F411CD1380700857621 /* LaunchScreen.storyboard */,
				78768F441CD1380700857621 /* Info.plist */,
			);
			path = SuitePort;
			sourceTree = "<group>";
		};
		F0FD42C22616840D82AAFAE4 /* Pods */ = {
			isa = PBXGroup;
			children = (
				1AE4134F30C6CFB64E155C1D /* Pods-SuitePort.debug.xcconfig */,
				25C79519BFEB04DEA4F3E134 /* Pods-SuitePort.release.xcconfig */,
			);
			name = Pods;
			sourceTree = "<group>";
		};
		F287945BF1E8D1E210AA9222 /* Frameworks */ = {
			isa = PBXGroup;
			children = (
			);
			name = Frameworks;
			sourceTree = "<group>";
		};
/* End PBXGroup section */

/* Begin PBXNativeTarget section */
		78768F341CD1380600857621 /* SuitePort */ = {
			isa = PBXNativeTarget;
			buildConfigurationList = 78768F471CD1380700857621 /* Build configuration list for PBXNativeTarget "SuitePort" */;
			buildPhases = (
				64D3938FBD81B1EE430F3AB7 /* Check Pods Manifest.lock */,
				78768F311CD1380600857621 /* Sources */,
				78768F321CD1380600857621 /* Frameworks */,
				78768F331CD1380600857621 /* Resources */,
				5AD085669B36E6B03DFF6FD4 /* Embed Pods Frameworks */,
				EE1A8062636BE372D738A0D2 /* Copy Pods Resources */,
			);
			buildRules = (
			);
			dependencies = (
			);
			name = SuitePort;
			productName = SuitePort;
			productReference = 78768F351CD1380600857621 /* SuitePort.app */;
			productType = "com.apple.product-type.application";
		};
/* End PBXNativeTarget section */

/* Begin PBXProject section */
		78768F2D1CD1380600857621 /* Project object */ = {
			isa = PBXProject;
			attributes = {
				LastSwiftUpdateCheck = 0730;
				LastUpgradeCheck = 0730;
				ORGANIZATIONNAME = IgorEydman;
				TargetAttributes = {
					78768F341CD1380600857621 = {
						CreatedOnToolsVersion = 7.3;
					};
				};
			};
			buildConfigurationList = 78768F301CD1380600857621 /* Build configuration list for PBXProject "SuitePort" */;
			compatibilityVersion = "Xcode 3.2";
			developmentRegion = English;
			hasScannedForEncodings = 0;
			knownRegions = (
				en,
				Base,
			);
			mainGroup = 78768F2C1CD1380600857621;
			productRefGroup = 78768F361CD1380600857621 /* Products */;
			projectDirPath = "";
			projectRoot = "";
			targets = (
				78768F341CD1380600857621 /* SuitePort */,
			);
		};
/* End PBXProject section */

/* Begin PBXResourcesBuildPhase section */
		78768F331CD1380600857621 /* Resources */ = {
			isa = PBXResourcesBuildPhase;
			buildActionMask = 2147483647;
			files = (
				78768F431CD1380700857621 /* LaunchScreen.storyboard in Resources */,
				78768F401CD1380700857621 /* Assets.xcassets in Resources */,
				78768F3E1CD1380700857621 /* Main.storyboard in Resources */,
			);
			runOnlyForDeploymentPostprocessing = 0;
		};
/* End PBXResourcesBuildPhase section */

/* Begin PBXShellScriptBuildPhase section */
		5AD085669B36E6B03DFF6FD4 /* Embed Pods Frameworks */ = {
			isa = PBXShellScriptBuildPhase;
			buildActionMask = 2147483647;
			files = (
			);
			inputPaths = (
			);
			name = "Embed Pods Frameworks";
			outputPaths = (
			);
			runOnlyForDeploymentPostprocessing = 0;
			shellPath = /bin/sh;
			shellScript = "\"${SRCROOT}/Pods/Target Support Files/Pods-SuitePort/Pods-SuitePort-frameworks.sh\"\n";
			showEnvVarsInLog = 0;
		};
		64D3938FBD81B1EE430F3AB7 /* Check Pods Manifest.lock */ = {
			isa = PBXShellScriptBuildPhase;
			buildActionMask = 2147483647;
			files = (
			);
			inputPaths = (
			);
			name = "Check Pods Manifest.lock";
			outputPaths = (
			);
			runOnlyForDeploymentPostprocessing = 0;
			shellPath = /bin/sh;
			shellScript = "diff \"${PODS_ROOT}/../Podfile.lock\" \"${PODS_ROOT}/Manifest.lock\" > /dev/null\nif [[ $? != 0 ]] ; then\n    cat << EOM\nerror: The sandbox is not in sync with the Podfile.lock. Run 'pod install' or update your CocoaPods installation.\nEOM\n    exit 1\nfi\n";
			showEnvVarsInLog = 0;
		};
		EE1A8062636BE372D738A0D2 /* Copy Pods Resources */ = {
			isa = PBXShellScriptBuildPhase;
			buildActionMask = 2147483647;
			files = (
			);
			inputPaths = (
			);
			name = "Copy Pods Resources";
			outputPaths = (
			);
			runOnlyForDeploymentPostprocessing = 0;
			shellPath = /bin/sh;
			shellScript = "\"${SRCROOT}/Pods/Target Support Files/Pods-SuitePort/Pods-SuitePort-resources.sh\"\n";
			showEnvVarsInLog = 0;
		};
/* End PBXShellScriptBuildPhase section */

/* Begin PBXSourcesBuildPhase section */
		78768F311CD1380600857621 /* Sources */ = {
			isa = PBXSourcesBuildPhase;
			buildActionMask = 2147483647;
			files = (
				78768F3B1CD1380700857621 /* MainViewController.swift in Sources */,
				78768F501CD14EC700857621 /* WebViewController.swift in Sources */,
				78768F391CD1380700857621 /* AppDelegate.swift in Sources */,
			);
			runOnlyForDeploymentPostprocessing = 0;
		};
/* End PBXSourcesBuildPhase section */

/* Begin PBXVariantGroup section */
		78768F3C1CD1380700857621 /* Main.storyboard */ = {
			isa = PBXVariantGroup;
			children = (
				78768F3D1CD1380700857621 /* Base */,
			);
			name = Main.storyboard;
			sourceTree = "<group>";
		};
		78768F411CD1380700857621 /* LaunchScreen.storyboard */ = {
			isa = PBXVariantGroup;
			children = (
				78768F421CD1380700857621 /* Base */,
			);
			name = LaunchScreen.storyboard;
			sourceTree = "<group>";
		};
/* End PBXVariantGroup section */

/* Begin XCBuildConfiguration section */
		78768F451CD1380700857621 /* Debug */ = {
			isa = XCBuildConfiguration;
			buildSettings = {
				ALWAYS_SEARCH_USER_PATHS = NO;
				CLANG_ANALYZER_NONNULL = YES;
				CLANG_CXX_LANGUAGE_STANDARD = "gnu++0x";
				CLANG_CXX_LIBRARY = "libc++";
				CLANG_ENABLE_MODULES = YES;
				CLANG_ENABLE_OBJC_ARC = YES;
				CLANG_WARN_BOOL_CONVERSION = YES;
				CLANG_WARN_CONSTANT_CONVERSION = YES;
				CLANG_WARN_DIRECT_OBJC_ISA_USAGE = YES_ERROR;
				CLANG_WARN_EMPTY_BODY = YES;
				CLANG_WARN_ENUM_CONVERSION = YES;
				CLANG_WARN_INT_CONVERSION = YES;
				CLANG_WARN_OBJC_ROOT_CLASS = YES_ERROR;
				CLANG_WARN_UNREACHABLE_CODE = YES;
				CLANG_WARN__DUPLICATE_METHOD_MATCH = YES;
				"CODE_SIGN_IDENTITY[sdk=iphoneos*]" = "iPhone Developer";
				COPY_PHASE_STRIP = NO;
				DEBUG_INFORMATION_FORMAT = dwarf;
				ENABLE_STRICT_OBJC_MSGSEND = YES;
				ENABLE_TESTABILITY = YES;
				GCC_C_LANGUAGE_STANDARD = gnu99;
				GCC_DYNAMIC_NO_PIC = NO;
				GCC_NO_COMMON_BLOCKS = YES;
				GCC_OPTIMIZATION_LEVEL = 0;
				GCC_PREPROCESSOR_DEFINITIONS = (
					"DEBUG=1",
					"$(inherited)",
				);
				GCC_WARN_64_TO_32_BIT_CONVERSION = YES;
				GCC_WARN_ABOUT_RETURN_TYPE = YES_ERROR;
				GCC_WARN_UNDECLARED_SELECTOR = YES;
				GCC_WARN_UNINITIALIZED_AUTOS = YES_AGGRESSIVE;
				GCC_WARN_UNUSED_FUNCTION = YES;
				GCC_WARN_UNUSED_VARIABLE = YES;
				IPHONEOS_DEPLOYMENT_TARGET = 9.3;
				MTL_ENABLE_DEBUG_INFO = YES;
				ONLY_ACTIVE_ARCH = YES;
				SDKROOT = iphoneos;
				SWIFT_OPTIMIZATION_LEVEL = "-Onone";
				TARGETED_DEVICE_FAMILY = "1,2";
			};
			name = Debug;
		};
		78768F461CD1380700857621 /* Release */ = {
			isa = XCBuildConfiguration;
			buildSettings = {
				ALWAYS_SEARCH_USER_PATHS = NO;
				CLANG_ANALYZER_NONNULL = YES;
				CLANG_CXX_LANGUAGE_STANDARD = "gnu++0x";
				CLANG_CXX_LIBRARY = "libc++";
				CLANG_ENABLE_MODULES = YES;
				CLANG_ENABLE_OBJC_ARC = YES;
				CLANG_WARN_BOOL_CONVERSION = YES;
				CLANG_WARN_CONSTANT_CONVERSION = YES;
				CLANG_WARN_DIRECT_OBJC_ISA_USAGE = YES_ERROR;
				CLANG_WARN_EMPTY_BODY = YES;
				CLANG_WARN_ENUM_CONVERSION = YES;
				CLANG_WARN_INT_CONVERSION = YES;
				CLANG_WARN_OBJC_ROOT_CLASS = YES_ERROR;
				CLANG_WARN_UNREACHABLE_CODE = YES;
				CLANG_WARN__DUPLICATE_METHOD_MATCH = YES;
				"CODE_SIGN_IDENTITY[sdk=iphoneos*]" = "iPhone Developer";
				COPY_PHASE_STRIP = NO;
				DEBUG_INFORMATION_FORMAT = "dwarf-with-dsym";
				ENABLE_NS_ASSERTIONS = NO;
				ENABLE_STRICT_OBJC_MSGSEND = YES;
				GCC_C_LANGUAGE_STANDARD = gnu99;
				GCC_NO_COMMON_BLOCKS = YES;
				GCC_WARN_64_TO_32_BIT_CONVERSION = YES;
				GCC_WARN_ABOUT_RETURN_TYPE = YES_ERROR;
				GCC_WARN_UNDECLARED_SELECTOR = YES;
				GCC_WARN_UNINITIALIZED_AUTOS = YES_AGGRESSIVE;
				GCC_WARN_UNUSED_FUNCTION = YES;
				GCC_WARN_UNUSED_VARIABLE = YES;
				IPHONEOS_DEPLOYMENT_TARGET = 9.3;
				MTL_ENABLE_DEBUG_INFO = NO;
				SDKROOT = iphoneos;
				TARGETED_DEVICE_FAMILY = "1,2";
				VALIDATE_PRODUCT = YES;
			};
			name = Release;
		};
		78768F481CD1380700857621 /* Debug */ = {
			isa = XCBuildConfiguration;
			baseConfigurationReference = 1AE4134F30C6CFB64E155C1D /* Pods-SuitePort.debug.xcconfig */;
			buildSettings = {
				ASSETCATALOG_COMPILER_APPICON_NAME = AppIcon;
				FRAMEWORK_SEARCH_PATHS = (
					"$(inherited)",
					"$(PROJECT_DIR)",
				);
				INFOPLIST_FILE = SuitePort/Info.plist;
				IPHONEOS_DEPLOYMENT_TARGET = 7.1;
				LD_RUNPATH_SEARCH_PATHS = "$(inherited) @executable_path/Frameworks";
				PRODUCT_BUNDLE_IDENTIFIER = com.IgorEydman.SuitePort;
				PRODUCT_NAME = "$(TARGET_NAME)";
			};
			name = Debug;
		};
		78768F491CD1380700857621 /* Release */ = {
			isa = XCBuildConfiguration;
			baseConfigurationReference = 25C79519BFEB04DEA4F3E134 /* Pods-SuitePort.release.xcconfig */;
			buildSettings = {
				ASSETCATALOG_COMPILER_APPICON_NAME = AppIcon;
				FRAMEWORK_SEARCH_PATHS = (
					"$(inherited)",
					"$(PROJECT_DIR)",
				);
				INFOPLIST_FILE = SuitePort/Info.plist;
				IPHONEOS_DEPLOYMENT_TARGET = 7.1;
				LD_RUNPATH_SEARCH_PATHS = "$(inherited) @executable_path/Frameworks";
				PRODUCT_BUNDLE_IDENTIFIER = com.IgorEydman.SuitePort;
				PRODUCT_NAME = "$(TARGET_NAME)";
			};
			name = Release;
		};
/* End XCBuildConfiguration section */

/* Begin XCConfigurationList section */
		78768F301CD1380600857621 /* Build configuration list for PBXProject "SuitePort" */ = {
			isa = XCConfigurationList;
			buildConfigurations = (
				78768F451CD1380700857621 /* Debug */,
				78768F461CD1380700857621 /* Release */,
			);
			defaultConfigurationIsVisible = 0;
			defaultConfigurationName = Release;
		};
		78768F471CD1380700857621 /* Build configuration list for PBXNativeTarget "SuitePort" */ = {
			isa = XCConfigurationList;
			buildConfigurations = (
				78768F481CD1380700857621 /* Debug */,
				78768F491CD1380700857621 /* Release */,
			);
			defaultConfigurationIsVisible = 0;
			defaultConfigurationName = Release;
		};
/* End XCConfigurationList section */
	};
	rootObject = 78768F2D1CD1380600857621 /* Project object */;
}
